lockfileVersion: '9.0'

settings:
  autoInstallPeers: true
  excludeLinksFromLockfile: false

importers:

  .:
    dependencies:
      rollup-plugin-external-globals:
        specifier: ^0.9.0
        version: 0.9.0(rollup@4.60.2)
    devDependencies:
      '@types/node':
        specifier: ^20.9.1
        version: 20.9.1
      dprint:
        specifier: ^0.43.0
        version: 0.43.0
      typescript:
        specifier: ^5.2.2
        version: 5.2.2
      vite:
        specifier: ^5.0.0
        version: 5.4.21(@types/node@20.9.1)

packages:

  '@dprint/darwin-arm64@0.43.0':
    resolution: {integrity: sha512-0lf4+ihokesOlYmFCyLdB44QYA0+IfHK8pD53i2FJ3i8XJ5yZypokO2zq+lM9MI6lt8foxh5j8at7ChIaGX6HA==}
    cpu: [arm64]
    os: [darwin]

  '@dprint/darwin-x64@0.43.0':
    resolution: {integrity: sha512-mMVobMZ3QUGSYgyICQSERk6Bdq2EfNL9kYTFqiK+0EBq4WF8XFE/+Itr1Os+QODhtDcn76j2hk3WkvBGruYvog==}
    cpu: [x64]
    os: [darwin]

  '@dprint/linux-arm64-glibc@0.43.0':
    resolution: {integrity: sha512-yyRCS1UYylKfRWXdH7XDfRy0xzub2rLhvC/TwCQS1o7Qo95XXxFhlDrTLsGI+vMS5m2abJtBN3Zv+tvNctGWTQ==}
    cpu: [arm64]
    os: [linux]

  '@dprint/linux-arm64-musl@0.43.0':
    resolution: {integrity: sha512-tDG3h+/IOUC7VXrjF0dNAhstDn+hwuLmQ9Pdp6fOIt9n7nD71VK1M4f8+yi3BdhxYuIKj3+VYPbS9FodWgB6Uw==}
    cpu: [arm64]
    os: [linux]

  '@dprint/linux-x64-glibc@0.43.0':
    resolution: {integrity: sha512-pwHW+/CLcGCzBAL0efmrC/KAgOBIkT+Xc2kOo3e/buEJe32CCTuv74jdsLy8WWrAcOJz0S3dLzdPDEQxuzDOnA==}
    cpu: [x64]
    os: [linux]

  '@dprint/linux-x64-musl@0.43.0':
    resolution: {integrity: sha512-jNOKk0h0oQLzXBkIep03SsgadZ2bnUcI0O0c7IGCPt1S+w66iMDhz78KiGk6FK70Vxb+bNRYeJiL03pbx55PhA==}
    cpu: [x64]
    os: [linux]

  '@dprint/win32-x64@0.43.0':
    resolution: {integrity: sha512-4KtAyDtSTtJZc3VNO0G5pceAJJxvOPSVHJ1LpTdUqcfMGi1pORaCpEFs0TLhz15d8i7HmYbbtwT+hhiuTDRCXw==}
    cpu: [x64]
    os: [win32]

  '@esbuild/aix-ppc64@0.21.5':
    resolution: {integrity: sha512-1SDgH6ZSPTlggy1yI6+Dbkiz8xzpHJEVAlF/AM1tHPLsf5STom9rwtjE4hKAF20FfXXNTFqEYXyJNWh1GiZedQ==}
    engines: {node: '>=12'}
    cpu: [ppc64]
    os: [aix]

  '@esbuild/android-arm64@0.21.5':
    resolution: {integrity: sha512-c0uX9VAUBQ7dTDCjq+wdyGLowMdtR/GoC2U5IYk/7D1H1JYC0qseD7+11iMP2mRLN9RcCMRcjC4YMclCzGwS/A==}
    engines: {node: '>=12'}
    cpu: [arm64]
    os: [android]

  '@esbuild/android-arm@0.21.5':
    resolution: {integrity: sha512-vCPvzSjpPHEi1siZdlvAlsPxXl7WbOVUBBAowWug4rJHb68Ox8KualB+1ocNvT5fjv6wpkX6o/iEpbDrf68zcg==}
    engines: {node: '>=12'}
    cpu: [arm]
    os: [android]

  '@esbuild/android-x64@0.21.5':
    resolution: {integrity: sha512-D7aPRUUNHRBwHxzxRvp856rjUHRFW1SdQATKXH2hqA0kAZb1hKmi02OpYRacl0TxIGz/ZmXWlbZgjwWYaCakTA==}
    engines: {node: '>=12'}
    cpu: [x64]
    os: [android]

  '@esbuild/darwin-arm64@0.21.5':
    resolution: {integrity: sha512-DwqXqZyuk5AiWWf3UfLiRDJ5EDd49zg6O9wclZ7kUMv2WRFr4HKjXp/5t8JZ11QbQfUS6/cRCKGwYhtNAY88kQ==}
    engines: {node: '>=12'}
    cpu: [arm64]
    os: [darwin]

  '@esbuild/darwin-x64@0.21.5':
    resolution: {integrity: sha512-se/JjF8NlmKVG4kNIuyWMV/22ZaerB+qaSi5MdrXtd6R08kvs2qCN4C09miupktDitvh8jRFflwGFBQcxZRjbw==}
    engines: {node: '>=12'}
    cpu: [x64]
    os: [darwin]

  '@esbuild/freebsd-arm64@0.21.5':
    resolution: {integrity: sha512-5JcRxxRDUJLX8JXp/wcBCy3pENnCgBR9bN6JsY4OmhfUtIHe3ZW0mawA7+RDAcMLrMIZaf03NlQiX9DGyB8h4g==}
    engines: {node: '>=12'}
    cpu: [arm64]
    os: [freebsd]

  '@esbuild/freebsd-x64@0.21.5':
    resolution: {integrity: sha512-J95kNBj1zkbMXtHVH29bBriQygMXqoVQOQYA+ISs0/2l3T9/kj42ow2mpqerRBxDJnmkUDCaQT/dfNXWX/ZZCQ==}
    engines: {node: '>=12'}
    cpu: [x64]
    os: [freebsd]

  '@esbuild/linux-arm64@0.21.5':
    resolution: {integrity: sha512-ibKvmyYzKsBeX8d8I7MH/TMfWDXBF3db4qM6sy+7re0YXya+K1cem3on9XgdT2EQGMu4hQyZhan7TeQ8XkGp4Q==}
    engines: {node: '>=12'}
    cpu: [arm64]
    os: [linux]

  '@esbuild/linux-arm@0.21.5':
    resolution: {integrity: sha512-bPb5AHZtbeNGjCKVZ9UGqGwo8EUu4cLq68E95A53KlxAPRmUyYv2D6F0uUI65XisGOL1hBP5mTronbgo+0bFcA==}
    engines: {node: '>=12'}
    cpu: [arm]
    os: [linux]

  '@esbuild/linux-ia32@0.21.5':
    resolution: {integrity: sha512-YvjXDqLRqPDl2dvRODYmmhz4rPeVKYvppfGYKSNGdyZkA01046pLWyRKKI3ax8fbJoK5QbxblURkwK/MWY18Tg==}
    engines: {node: '>=12'}
    cpu: [ia32]
    os: [linux]

  '@esbuild/linux-loong64@0.21.5':
    resolution: {integrity: sha512-uHf1BmMG8qEvzdrzAqg2SIG/02+4/DHB6a9Kbya0XDvwDEKCoC8ZRWI5JJvNdUjtciBGFQ5PuBlpEOXQj+JQSg==}
    engines: {node: '>=12'}
    cpu: [loong64]
    os: [linux]

  '@esbuild/linux-mips64el@0.21.5':
    resolution: {integrity: sha512-IajOmO+KJK23bj52dFSNCMsz1QP1DqM6cwLUv3W1QwyxkyIWecfafnI555fvSGqEKwjMXVLokcV5ygHW5b3Jbg==}
    engines: {node: '>=12'}
    cpu: [mips64el]
    os: [linux]

  '@esbuild/linux-ppc64@0.21.5':
    resolution: {integrity: sha512-1hHV/Z4OEfMwpLO8rp7CvlhBDnjsC3CttJXIhBi+5Aj5r+MBvy4egg7wCbe//hSsT+RvDAG7s81tAvpL2XAE4w==}
    engines: {node: '>=12'}
    cpu: [ppc64]
    os: [linux]

  '@esbuild/linux-riscv64@0.21.5':
    resolution: {integrity: sha512-2HdXDMd9GMgTGrPWnJzP2ALSokE/0O5HhTUvWIbD3YdjME8JwvSCnNGBnTThKGEB91OZhzrJ4qIIxk/SBmyDDA==}
    engines: {node: '>=12'}
    cpu: [riscv64]
    os: [linux]

  '@esbuild/linux-s390x@0.21.5':
    resolution: {integrity: sha512-zus5sxzqBJD3eXxwvjN1yQkRepANgxE9lgOW2qLnmr8ikMTphkjgXu1HR01K4FJg8h1kEEDAqDcZQtbrRnB41A==}
    engines: {node: '>=12'}
    cpu: [s390x]
    os: [linux]

  '@esbuild/linux-x64@0.21.5':
    resolution: {integrity: sha512-1rYdTpyv03iycF1+BhzrzQJCdOuAOtaqHTWJZCWvijKD2N5Xu0TtVC8/+1faWqcP9iBCWOmjmhoH94dH82BxPQ==}
    engines: {node: '>=12'}
    cpu: [x64]
    os: [linux]

  '@esbuild/netbsd-x64@0.21.5':
    resolution: {integrity: sha512-Woi2MXzXjMULccIwMnLciyZH4nCIMpWQAs049KEeMvOcNADVxo0UBIQPfSmxB3CWKedngg7sWZdLvLczpe0tLg==}
    engines: {node: '>=12'}
    cpu: [x64]
    os: [netbsd]

  '@esbuild/openbsd-x64@0.21.5':
    resolution: {integrity: sha512-HLNNw99xsvx12lFBUwoT8EVCsSvRNDVxNpjZ7bPn947b8gJPzeHWyNVhFsaerc0n3TsbOINvRP2byTZ5LKezow==}
    engines: {node: '>=12'}
    cpu: [x64]
    os: [openbsd]

  '@esbuild/sunos-x64@0.21.5':
    resolution: {integrity: sha512-6+gjmFpfy0BHU5Tpptkuh8+uw3mnrvgs+dSPQXQOv3ekbordwnzTVEb4qnIvQcYXq6gzkyTnoZ9dZG+D4garKg==}
    engines: {node: '>=12'}
    cpu: [x64]
    os: [sunos]

  '@esbuild/win32-arm64@0.21.5':
    resolution: {integrity: sha512-Z0gOTd75VvXqyq7nsl93zwahcTROgqvuAcYDUr+vOv8uHhNSKROyU961kgtCD1e95IqPKSQKH7tBTslnS3tA8A==}
    engines: {node: '>=12'}
    cpu: [arm64]
    os: [win32]

  '@esbuild/win32-ia32@0.21.5':
    resolution: {integrity: sha512-SWXFF1CL2RVNMaVs+BBClwtfZSvDgtL//G/smwAc5oVK/UPu2Gu9tIaRgFmYFFKrmg3SyAjSrElf0TiJ1v8fYA==}
    engines: {node: '>=12'}
    cpu: [ia32]
    os: [win32]

  '@esbuild/win32-x64@0.21.5':
    resolution: {integrity: sha512-tQd/1efJuzPC6rCFwEvLtci/xNFcTZknmXs98FYDfGE4wP9ClFV98nyKrzJKVPMhdDnjzLhdUyMX4PsQAPjwIw==}
    engines: {node: '>=12'}
    cpu: [x64]
    os: [win32]

  '@jridgewell/sourcemap-codec@1.4.15':
    resolution: {integrity: sha512-eF2rxCRulEKXHTRiDrDy6erMYWqNw4LPdQ8UQA4huuxaQsVeRPFl2oM8oDGxMFhJUWZf9McpLtJasDDZb/Bpeg==}

  '@rollup/pluginutils@5.0.5':
    resolution: {integrity: sha512-6aEYR910NyP73oHiJglti74iRyOwgFU4x3meH/H8OJx6Ry0j6cOVZ5X/wTvub7G7Ao6qaHBEaNsV3GLJkSsF+Q==}
    engines: {node: '>=14.0.0'}
    peerDependencies:
      rollup: ^1.20.0||^2.0.0||^3.0.0||^4.0.0
    peerDependenciesMeta:
      rollup:
        optional: true

  '@rollup/rollup-android-arm-eabi@4.60.2':
    resolution: {integrity: sha512-dnlp69efPPg6Uaw2dVqzWRfAWRnYVb1XJ8CyyhIbZeaq4CA5/mLeZ1IEt9QqQxmbdvagjLIm2ZL8BxXv5lH4Yw==}
    cpu: [arm]
    os: [android]

  '@rollup/rollup-android-arm64@4.60.2':
    resolution: {integrity: sha512-OqZTwDRDchGRHHm/hwLOL7uVPB9aUvI0am/eQuWMNyFHf5PSEQmyEeYYheA0EPPKUO/l0uigCp+iaTjoLjVoHg==}
    cpu: [arm64]
    os: [android]

  '@rollup/rollup-darwin-arm64@4.60.2':
    resolution: {integrity: sha512-UwRE7CGpvSVEQS8gUMBe1uADWjNnVgP3Iusyda1nSRwNDCsRjnGc7w6El6WLQsXmZTbLZx9cecegumcitNfpmA==}
    cpu: [arm64]
    os: [darwin]

  '@rollup/rollup-darwin-x64@4.60.2':
    resolution: {integrity: sha512-gjEtURKLCC5VXm1I+2i1u9OhxFsKAQJKTVB8WvDAHF+oZlq0GTVFOlTlO1q3AlCTE/DF32c16ESvfgqR7343/g==}
    cpu: [x64]
    os: [darwin]

  '@rollup/rollup-freebsd-arm64@4.60.2':
    resolution: {integrity: sha512-Bcl6CYDeAgE70cqZaMojOi/eK63h5Me97ZqAQoh77VPjMysA/4ORQBRGo3rRy45x4MzVlU9uZxs8Uwy7ZaKnBw==}
    cpu: [arm64]
    os: [freebsd]

  '@rollup/rollup-freebsd-x64@4.60.2':
    resolution: {integrity: sha512-LU+TPda3mAE2QB0/Hp5VyeKJivpC6+tlOXd1VMoXV/YFMvk/MNk5iXeBfB4MQGRWyOYVJ01625vjkr0Az98OJQ==}
    cpu: [x64]
    os: [freebsd]

  '@rollup/rollup-linux-arm-gnueabihf@4.60.2':
    resolution: {integrity: sha512-2QxQrM+KQ7DAW4o22j+XZ6RKdxjLD7BOWTP0Bv0tmjdyhXSsr2Ul1oJDQqh9Zf5qOwTuTc7Ek83mOFaKnodPjg==}
    cpu: [arm]
    os: [linux]

  '@rollup/rollup-linux-arm-musleabihf@4.60.2':
    resolution: {integrity: sha512-TbziEu2DVsTEOPif2mKWkMeDMLoYjx95oESa9fkQQK7r/Orta0gnkcDpzwufEcAO2BLBsD7mZkXGFqEdMRRwfw==}
    cpu: [arm]
    os: [linux]

  '@rollup/rollup-linux-arm64-gnu@4.60.2':
    resolution: {integrity: sha512-bO/rVDiDUuM2YfuCUwZ1t1cP+/yqjqz+Xf2VtkdppefuOFS2OSeAfgafaHNkFn0t02hEyXngZkxtGqXcXwO8Rg==}
    cpu: [arm64]
    os: [linux]

  '@rollup/rollup-linux-arm64-musl@4.60.2':
    resolution: {integrity: sha512-hr26p7e93Rl0Za+JwW7EAnwAvKkehh12BU1Llm9Ykiibg4uIr2rbpxG9WCf56GuvidlTG9KiiQT/TXT1yAWxTA==}
    cpu: [arm64]
    os: [linux]

  '@rollup/rollup-linux-loong64-gnu@4.60.2':
    resolution: {integrity: sha512-pOjB/uSIyDt+ow3k/RcLvUAOGpysT2phDn7TTUB3n75SlIgZzM6NKAqlErPhoFU+npgY3/n+2HYIQVbF70P9/A==}
    cpu: [loong64]
    os: [linux]

  '@rollup/rollup-linux-loong64-musl@4.60.2':
    resolution: {integrity: sha512-2/w+q8jszv9Ww1c+6uJT3OwqhdmGP2/4T17cu8WuwyUuuaCDDJ2ojdyYwZzCxx0GcsZBhzi3HmH+J5pZNXnd+Q==}
    cpu: [loong64]
    os: [linux]

  '@rollup/rollup-linux-ppc64-gnu@4.60.2':
    resolution: {integrity: sha512-11+aL5vKheYgczxtPVVRhdptAM2H7fcDR5Gw4/bTcteuZBlH4oP9f5s9zYO9aGZvoGeBpqXI/9TZZihZ609wKw==}
    cpu: [ppc64]
    os: [linux]

  '@rollup/rollup-linux-ppc64-musl@4.60.2':
    resolution: {integrity: sha512-i16fokAGK46IVZuV8LIIwMdtqhin9hfYkCh8pf8iC3QU3LpwL+1FSFGej+O7l3E/AoknL6Dclh2oTdnRMpTzFQ==}
    cpu: [ppc64]
    os: [linux]

  '@rollup/rollup-linux-riscv64-gnu@4.60.2':
    resolution: {integrity: sha512-49FkKS6RGQoriDSK/6E2GkAsAuU5kETFCh7pG4yD/ylj9rKhTmO3elsnmBvRD4PgJPds5W2PkhC82aVwmUcJ7A==}
    cpu: [riscv64]
    os: [linux]

  '@rollup/rollup-linux-riscv64-musl@4.60.2':
    resolution: {integrity: sha512-mjYNkHPfGpUR00DuM1ZZIgs64Hpf4bWcz9Z41+4Q+pgDx73UwWdAYyf6EG/lRFldmdHHzgrYyge5akFUW0D3mQ==}
    cpu: [riscv64]
    os: [linux]

  '@rollup/rollup-linux-s390x-gnu@4.60.2':
    resolution: {integrity: sha512-ALyvJz965BQk8E9Al/JDKKDLH2kfKFLTGMlgkAbbYtZuJt9LU8DW3ZoDMCtQpXAltZxwBHevXz5u+gf0yA0YoA==}
    cpu: [s390x]
    os: [linux]

  '@rollup/rollup-linux-x64-gnu@4.60.2':
    resolution: {integrity: sha512-UQjrkIdWrKI626Du8lCQ6MJp/6V1LAo2bOK9OTu4mSn8GGXIkPXk/Vsp4bLHCd9Z9Iz2OTEaokUE90VweJgIYQ==}
    cpu: [x64]
    os: [linux]

  '@rollup/rollup-linux-x64-musl@4.60.2':
    resolution: {integrity: sha512-bTsRGj6VlSdn/XD4CGyzMnzaBs9bsRxy79eTqTCBsA8TMIEky7qg48aPkvJvFe1HyzQ5oMZdg7AnVlWQSKLTnw==}
    cpu: [x64]
    os: [linux]

  '@rollup/rollup-openbsd-x64@4.60.2':
    resolution: {integrity: sha512-6d4Z3534xitaA1FcMWP7mQPq5zGwBmGbhphh2DwaA1aNIXUu3KTOfwrWpbwI4/Gr0uANo7NTtaykFyO2hPuFLg==}
    cpu: [x64]
    os: [openbsd]

  '@rollup/rollup-openharmony-arm64@4.60.2':
    resolution: {integrity: sha512-NetAg5iO2uN7eB8zE5qrZ3CSil+7IJt4WDFLcC75Ymywq1VZVD6qJ6EvNLjZ3rEm6gB7XW5JdT60c6MN35Z85Q==}
    cpu: [arm64]
    os: [openharmony]

  '@rollup/rollup-win32-arm64-msvc@4.60.2':
    resolution: {integrity: sha512-NCYhOotpgWZ5kdxCZsv6Iudx0wX8980Q/oW4pNFNihpBKsDbEA1zpkfxJGC0yugsUuyDZ7gL37dbzwhR0VI7pQ==}
    cpu: [arm64]
    os: [win32]

  '@rollup/rollup-win32-ia32-msvc@4.60.2':
    resolution: {integrity: sha512-RXsaOqXxfoUBQoOgvmmijVxJnW2IGB0eoMO7F8FAjaj0UTywUO/luSqimWBJn04WNgUkeNhh7fs7pESXajWmkg==}
    cpu: [ia32]
    os: [win32]

  '@rollup/rollup-win32-x64-gnu@4.60.2':
    resolution: {integrity: sha512-qdAzEULD+/hzObedtmV6iBpdL5TIbKVztGiK7O3/KYSf+HIzU257+MX1EXJcyIiDbMAqmbwaufcYPvyRryeZtA==}
    cpu: [x64]
    os: [win32]

  '@rollup/rollup-win32-x64-msvc@4.60.2':
    resolution: {integrity: sha512-Nd/SgG27WoA9e+/TdK74KnHz852TLa94ovOYySo/yMPuTmpckK/jIF2jSwS3g7ELSKXK13/cVdmg1Z/DaCWKxA==}
    cpu: [x64]
    os: [win32]

  '@types/estree@1.0.5':
    resolution: {integrity: sha512-/kYRxGDLWzHOB7q+wtSUQlFrtcdUccpfy+X+9iMBpHK8QLLhx2wIPYuS5DYtR9Wa/YlZAbIovy7qVdB1Aq6Lyw==}

  '@types/estree@1.0.8':
    resolution: {integrity: sha512-dWHzHa2WqEXI/O1E9OjrocMTKJl2mSrEolh1Iomrv6U+JuNwaHXsXx9bLu5gG7BUWFIN0skIQJQ/L1rIex4X6w==}

  '@types/node@20.9.1':
    resolution: {integrity: sha512-HhmzZh5LSJNS5O8jQKpJ/3ZcrrlG6L70hpGqMIAoM9YVD0YBRNWYsfwcXq8VnSjlNpCpgLzMXdiPo+dxcvSmiA==}

  dprint@0.43.0:
    resolution: {integrity: sha512-+dhMk7HE2B6Us4HkxWrJTcVvaOXd+YvSD+AwRXz7fCVrM1lgxqLPR+xt+ZqNjt2tDmCvU/i00L6yIoPbTqr+yA==}
    hasBin: true

  esbuild@0.21.5:
    resolution: {integrity: sha512-mg3OPMV4hXywwpoDxu3Qda5xCKQi+vCTZq8S9J/EpkhB2HzKXq4SNFZE3+NK93JYxc8VMSep+lOUSC/RVKaBqw==}
    engines: {node: '>=12'}
    hasBin: true

  estree-walker@2.0.2:
    resolution: {integrity: sha512-Rfkk/Mp/DL7JVje3u18FxFujQlTNR2q6QfMSMB7AvCBx91NGj/ba3kCfza0f6dVDbw7YlRf/nDrn7pQrCCyQ/w==}

  estree-walker@3.0.3:
    resolution: {integrity: sha512-7RUKfXgSMMkzt6ZuXmqapOurLGPPfgj6l9uRZ7lRGolvk0y2yocc35LdcxKC5PQZdn2DMqioAQ2NoWcrTKmm6g==}

  fsevents@2.3.3:
    resolution: {integrity: sha512-5xoDfX+fL7faATnagmWPpbFtwh/R77WmMMqqHGS65C3vvB0YHrgF+B1YmZ3441tMj5n63k0212XNoJwzlhffQw==}
    engines: {node: ^8.16.0 || ^10.6.0 || >=11.0.0}
    os: [darwin]

  is-reference@3.0.2:
    resolution: {integrity: sha512-v3rht/LgVcsdZa3O2Nqs+NMowLOxeOm7Ay9+/ARQ2F+qEoANRcqrjAZKGN0v8ymUetZGgkp26LTnGT7H0Qo9Pg==}

  magic-string@0.30.5:
    resolution: {integrity: sha512-7xlpfBaQaP/T6Vh8MO/EqXSW5En6INHEvEXQiuff7Gku0PWjU3uf6w/j9o7O+SpB5fOAkrI5HeoNgwjEO0pFsA==}
    engines: {node: '>=12'}

  nanoid@3.3.11:
    resolution: {integrity: sha512-N8SpfPUnUp1bK+PMYW8qSWdl9U+wwNWI4QKxOYDy9JAro3WMX7p2OeVRF9v+347pnakNevPmiHhNmZ2HbFA76w==}
    engines: {node: ^10 || ^12 || ^13.7 || ^14 || >=15.0.1}
    hasBin: true

  picocolors@1.1.1:
    resolution: {integrity: sha512-xceH2snhtb5M9liqDsmEw56le376mTZkEX/jEb/RxNFyegNul7eNslCXP9FDj/Lcu0X8KEyMceP2ntpaHrDEVA==}

  picomatch@2.3.1:
    resolution: {integrity: sha512-JU3teHTNjmE2VCGFzuY8EXzCDVwEqB2a8fsIvwaStHhAWJEeVd1o1QD80CU6+ZdEXXSLbSsuLwJjkCBWqRQUVA==}
    engines: {node: '>=8.6'}

  postcss@8.5.12:
    resolution: {integrity: sha512-W62t/Se6rA0Az3DfCL0AqJwXuKwBeYg6nOaIgzP+xZ7N5BFCI7DYi1qs6ygUYT6rvfi6t9k65UMLJC+PHZpDAA==}
    engines: {node: ^10 || ^12 || >=14}

  rollup-plugin-external-globals@0.9.0:
    resolution: {integrity: sha512-fjlpVUm3w8rb5GVYX7UrFG5FHjmtNNaIqMj/Zi2zby8kdE+0InG3XoJRxPhPaKs9LzZA6GGARE6DjxApmDTc7Q==}
    peerDependencies:
      rollup: ^2.25.0 || ^3.3.0 || ^4.1.4

  rollup@4.60.2:
    resolution: {integrity: sha512-J9qZyW++QK/09NyN/zeO0dG/1GdGfyp9lV8ajHnRVLfo/uFsbji5mHnDgn/qYdUHyCkM2N+8VyspgZclfAh0eQ==}
    engines: {node: '>=18.0.0', npm: '>=8.0.0'}
    hasBin: true

  source-map-js@1.2.1:
    resolution: {integrity: sha512-UXWMKhLOwVKb728IUtQPXxfYU+usdybtUrK/8uGE8CQMvrhOpwvzDBwj0QhSL7MQc7vIsISBG8VQ8+IDQxpfQA==}
    engines: {node: '>=0.10.0'}

  typescript@5.2.2:
    resolution: {integrity: sha512-mI4WrpHsbCIcwT9cF4FZvr80QUeKvsUsUvKDoR+X/7XHQH98xYD8YHZg7ANtz2GtZt/CBq2QJ0thkGJMHfqc1w==}
    engines: {node: '>=14.17'}
    hasBin: true

  undici-types@5.26.5:
    resolution: {integrity: sha512-JlCMO+ehdEIKqlFxk6IfVoAUVmgz7cU7zD/h9XZ0qzeosSHmUJVOzSQvvYSYWXkFXC+IfLKSIffhv0sVZup6pA==}

  vite@5.4.21:
    resolution: {integrity: sha512-o5a9xKjbtuhY6Bi5S3+HvbRERmouabWbyUcpXXUA1u+GNUKoROi9byOJ8M0nHbHYHkYICiMlqxkg1KkYmm25Sw==}
    engines: {node: ^18.0.0 || >=20.0.0}
    hasBin: true
    peerDependencies:
      '@types/node': ^18.0.0 || >=20.0.0
      less: '*'
      lightningcss: ^1.21.0
      sass: '*'
      sass-embedded: '*'
      stylus: '*'
      sugarss: '*'
      terser: ^5.4.0
    peerDependenciesMeta:
      '@types/node':
        optional: true
      less:
        optional: true
      lightningcss:
        optional: true
      sass:
        optional: true
      sass-embedded:
        optional: true
      stylus:
        optional: true
      sugarss:
        optional: true
      terser:
        optional: true

snapshots:

  '@dprint/darwin-arm64@0.43.0':
    optional: true

  '@dprint/darwin-x64@0.43.0':
    optional: true

  '@dprint/linux-arm64-glibc@0.43.0':
    optional: true

  '@dprint/linux-arm64-musl@0.43.0':
    optional: true

  '@dprint/linux-x64-glibc@0.43.0':
    optional: true

  '@dprint/linux-x64-musl@0.43.0':
    optional: true

  '@dprint/win32-x64@0.43.0':
    optional: true

  '@esbuild/aix-ppc64@0.21.5':
    optional: true

  '@esbuild/android-arm64@0.21.5':
    optional: true

  '@esbuild/android-arm@0.21.5':
    optional: true

  '@esbuild/android-x64@0.21.5':
    optional: true

  '@esbuild/darwin-arm64@0.21.5':
    optional: true

  '@esbuild/darwin-x64@0.21.5':
    optional: true

  '@esbuild/freebsd-arm64@0.21.5':
    optional: true

  '@esbuild/freebsd-x64@0.21.5':
    optional: true

  '@esbuild/linux-arm64@0.21.5':
    optional: true

  '@esbuild/linux-arm@0.21.5':
    optional: true

  '@esbuild/linux-ia32@0.21.5':
    optional: true

  '@esbuild/linux-loong64@0.21.5':
    optional: true

  '@esbuild/linux-mips64el@0.21.5':
    optional: true

  '@esbuild/linux-ppc64@0.21.5':
    optional: true

  '@esbuild/linux-riscv64@0.21.5':
    optional: true

  '@esbuild/linux-s390x@0.21.5':
    optional: true

  '@esbuild/linux-x64@0.21.5':
    optional: true

  '@esbuild/netbsd-x64@0.21.5':
    optional: true

  '@esbuild/openbsd-x64@0.21.5':
    optional: true

  '@esbuild/sunos-x64@0.21.5':
    optional: true

  '@esbuild/win32-arm64@0.21.5':
    optional: true

  '@esbuild/win32-ia32@0.21.5':
    optional: true

  '@esbuild/win32-x64@0.21.5':
    optional: true

  '@jridgewell/sourcemap-codec@1.4.15': {}

  '@rollup/pluginutils@5.0.5(rollup@4.60.2)':
    dependencies:
      '@types/estree': 1.0.5
      estree-walker: 2.0.2
      picomatch: 2.3.1
    optionalDependencies:
      rollup: 4.60.2

  '@rollup/rollup-android-arm-eabi@4.60.2':
    optional: true

  '@rollup/rollup-android-arm64@4.60.2':
    optional: true

  '@rollup/rollup-darwin-arm64@4.60.2':
    optional: true

  '@rollup/rollup-darwin-x64@4.60.2':
    optional: true

  '@rollup/rollup-freebsd-arm64@4.60.2':
    optional: true

  '@rollup/rollup-freebsd-x64@4.60.2':
    optional: true

  '@rollup/rollup-linux-arm-gnueabihf@4.60.2':
    optional: true

  '@rollup/rollup-linux-arm-musleabihf@4.60.2':
    optional: true

  '@rollup/rollup-linux-arm64-gnu@4.60.2':
    optional: true

  '@rollup/rollup-linux-arm64-musl@4.60.2':
    optional: true

  '@rollup/rollup-linux-loong64-gnu@4.60.2':
    optional: true

  '@rollup/rollup-linux-loong64-musl@4.60.2':
    optional: true

  '@rollup/rollup-linux-ppc64-gnu@4.60.2':
    optional: true

  '@rollup/rollup-linux-ppc64-musl@4.60.2':
    optional: true

  '@rollup/rollup-linux-riscv64-gnu@4.60.2':
    optional: true

  '@rollup/rollup-linux-riscv64-musl@4.60.2':
    optional: true

  '@rollup/rollup-linux-s390x-gnu@4.60.2':
    optional: true

  '@rollup/rollup-linux-x64-gnu@4.60.2':
    optional: true

  '@rollup/rollup-linux-x64-musl@4.60.2':
    optional: true

  '@rollup/rollup-openbsd-x64@4.60.2':
    optional: true

  '@rollup/rollup-openharmony-arm64@4.60.2':
    optional: true

  '@rollup/rollup-win32-arm64-msvc@4.60.2':
    optional: true

  '@rollup/rollup-win32-ia32-msvc@4.60.2':
    optional: true

  '@rollup/rollup-win32-x64-gnu@4.60.2':
    optional: true

  '@rollup/rollup-win32-x64-msvc@4.60.2':
    optional: true

  '@types/estree@1.0.5': {}

  '@types/estree@1.0.8': {}

  '@types/node@20.9.1':
    dependencies:
      undici-types: 5.26.5

  dprint@0.43.0:
    optionalDependencies:
      '@dprint/darwin-arm64': 0.43.0
      '@dprint/darwin-x64': 0.43.0
      '@dprint/linux-arm64-glibc': 0.43.0
      '@dprint/linux-arm64-musl': 0.43.0
      '@dprint/linux-x64-glibc': 0.43.0
      '@dprint/linux-x64-musl': 0.43.0
      '@dprint/win32-x64': 0.43.0

  esbuild@0.21.5:
    optionalDependencies:
      '@esbuild/aix-ppc64': 0.21.5
      '@esbuild/android-arm': 0.21.5
      '@esbuild/android-arm64': 0.21.5
      '@esbuild/android-x64': 0.21.5
      '@esbuild/darwin-arm64': 0.21.5
      '@esbuild/darwin-x64': 0.21.5
      '@esbuild/freebsd-arm64': 0.21.5
      '@esbuild/freebsd-x64': 0.21.5
      '@esbuild/linux-arm': 0.21.5
      '@esbuild/linux-arm64': 0.21.5
      '@esbuild/linux-ia32': 0.21.5
      '@esbuild/linux-loong64': 0.21.5
      '@esbuild/linux-mips64el': 0.21.5
      '@esbuild/linux-ppc64': 0.21.5
      '@esbuild/linux-riscv64': 0.21.5
      '@esbuild/linux-s390x': 0.21.5
      '@esbuild/linux-x64': 0.21.5
      '@esbuild/netbsd-x64': 0.21.5
      '@esbuild/openbsd-x64': 0.21.5
      '@esbuild/sunos-x64': 0.21.5
      '@esbuild/win32-arm64': 0.21.5
      '@esbuild/win32-ia32': 0.21.5
      '@esbuild/win32-x64': 0.21.5

  estree-walker@2.0.2: {}

  estree-walker@3.0.3:
    dependencies:
      '@types/estree': 1.0.5

  fsevents@2.3.3:
    optional: true

  is-reference@3.0.2:
    dependencies:
      '@types/estree': 1.0.5

  magic-string@0.30.5:
    dependencies:
      '@jridgewell/sourcemap-codec': 1.4.15

  nanoid@3.3.11: {}

  picocolors@1.1.1: {}

  picomatch@2.3.1: {}

  postcss@8.5.12:
    dependencies:
      nanoid: 3.3.11
      picocolors: 1.1.1
      source-map-js: 1.2.1

  rollup-plugin-external-globals@0.9.0(rollup@4.60.2):
    dependencies:
      '@rollup/pluginutils': 5.0.5(rollup@4.60.2)
      estree-walker: 3.0.3
      is-reference: 3.0.2
      magic-string: 0.30.5
      rollup: 4.60.2

  rollup@4.60.2:
    dependencies:
      '@types/estree': 1.0.8
    optionalDependencies:
      '@rollup/rollup-android-arm-eabi': 4.60.2
      '@rollup/rollup-android-arm64': 4.60.2
      '@rollup/rollup-darwin-arm64': 4.60.2
      '@rollup/rollup-darwin-x64': 4.60.2
      '@rollup/rollup-freebsd-arm64': 4.60.2
      '@rollup/rollup-freebsd-x64': 4.60.2
      '@rollup/rollup-linux-arm-gnueabihf': 4.60.2
      '@rollup/rollup-linux-arm-musleabihf': 4.60.2
      '@rollup/rollup-linux-arm64-gnu': 4.60.2
      '@rollup/rollup-linux-arm64-musl': 4.60.2
      '@rollup/rollup-linux-loong64-gnu': 4.60.2
      '@rollup/rollup-linux-loong64-musl': 4.60.2
      '@rollup/rollup-linux-ppc64-gnu': 4.60.2
      '@rollup/rollup-linux-ppc64-musl': 4.60.2
      '@rollup/rollup-linux-riscv64-gnu': 4.60.2
      '@rollup/rollup-linux-riscv64-musl': 4.60.2
      '@rollup/rollup-linux-s390x-gnu': 4.60.2
      '@rollup/rollup-linux-x64-gnu': 4.60.2
      '@rollup/rollup-linux-x64-musl': 4.60.2
      '@rollup/rollup-openbsd-x64': 4.60.2
      '@rollup/rollup-openharmony-arm64': 4.60.2
      '@rollup/rollup-win32-arm64-msvc': 4.60.2
      '@rollup/rollup-win32-ia32-msvc': 4.60.2
      '@rollup/rollup-win32-x64-gnu': 4.60.2
      '@rollup/rollup-win32-x64-msvc': 4.60.2
      fsevents: 2.3.3

  source-map-js@1.2.1: {}

  typescript@5.2.2: {}

  undici-types@5.26.5: {}

  vite@5.4.21(@types/node@20.9.1):
    dependencies:
      esbuild: 0.21.5
      postcss: 8.5.12
      rollup: 4.60.2
    optionalDependencies:
      '@types/node': 20.9.1
      fsevents: 2.3.3
